
Microsoft Visual Studio Solution File, Format Version 12.00
# Visual Studio Version 17
VisualStudioVersion = 17.0.31903.59
MinimumVisualStudioVersion = 10.0.40219.1
Project("{2150E333-8FDC-42A3-9474-1A3956D46DE8}") = "src", "src", "{827E0CD3-B72D-47B6-A68D-7590B98EB39B}"
EndProject
Project("{2150E333-8FDC-42A3-9474-1A3956D46DE8}") = "Shared", "Shared", "{C8E42992-5E42-0C2B-DBFE-AA848D06431C}"
EndProject
Project("{FAE04EC0-301F-11D3-BF4B-00C04F79EFBC}") = "Dominodo.Shared.Kernel", "src\Shared\Dominodo.Shared.Kernel\Dominodo.Shared.Kernel.csproj", "{B0C377AF-B29A-4E69-BB35-1FC68BE5B3DA}"
EndProject
Project("{FAE04EC0-301F-11D3-BF4B-00C04F79EFBC}") = "Dominodo.Shared.Abstractions", "src\Shared\Dominodo.Shared.Abstractions\Dominodo.Shared.Abstractions.csproj", "{44E3D536-9706-422C-8DC3-D30DB9D8672C}"
EndProject
Project("{FAE04EC0-301F-11D3-BF4B-00C04F79EFBC}") = "Dominodo.Shared.Infrastructure", "src\Shared\Dominodo.Shared.Infrastructure\Dominodo.Shared.Infrastructure.csproj", "{C0064533-AE95-4D57-85F6-25F170338608}"
EndProject
Project("{FAE04EC0-301F-11D3-BF4B-00C04F79EFBC}") = "Dominodo.Api", "src\Bootstrap\Dominodo.Api\Dominodo.Api.csproj", "{BD3D1C7C-476B-4A19-B4E5-83769776FC5A}"
EndProject
Project("{FAE04EC0-301F-11D3-BF4B-00C04F79EFBC}") = "Dominodo.ArchitectureTests", "tests\Dominodo.ArchitectureTests\Dominodo.ArchitectureTests.csproj", "{65CD074B-CC7B-459D-A2CB-FA2E79FF8DC0}"
EndProject
Project("{2150E333-8FDC-42A3-9474-1A3956D46DE8}") = "Modules", "Modules", "{EC447DCF-ABFA-6E24-52A5-D7FD48A5C558}"
EndProject
Project("{2150E333-8FDC-42A3-9474-1A3956D46DE8}") = "Users", "Users", "{A26F344D-182E-CE53-AD51-2154946AC6F3}"
EndProject
Project("{FAE04EC0-301F-11D3-BF4B-00C04F79EFBC}") = "Dominodo.Users.Domain", "src\Modules\Users\Dominodo.Users.Domain\Dominodo.Users.Domain.csproj", "{E22E79BE-D7F6-493D-9668-7D35B12355B2}"
EndProject
Project("{FAE04EC0-301F-11D3-BF4B-00C04F79EFBC}") = "Dominodo.Users.Application", "src\Modules\Users\Dominodo.Users.Application\Dominodo.Users.Application.csproj", "{8EE15535-3B0C-4788-80FB-59E741B4465C}"
EndProject
Project("{FAE04EC0-301F-11D3-BF4B-00C04F79EFBC}") = "Dominodo.Users.Contracts", "src\Modules\Users\Dominodo.Users.Contracts\Dominodo.Users.Contracts.csproj", "{9563BDAE-7378-40AA-A277-CC2BFA48E710}"
EndProject
Project("{FAE04EC0-301F-11D3-BF4B-00C04F79EFBC}") = "Dominodo.Users.Persistence", "src\Modules\Users\Dominodo.Users.Persistence\Dominodo.Users.Persistence.csproj", "{18EEA3BA-DFCA-4090-82FD-33ED59C8F205}"
EndProject
Project("{2150E333-8FDC-42A3-9474-1A3956D46DE8}") = "Adapters", "Adapters", "{3E9C3776-17C9-28DE-3735-A8B9F121C183}"
EndProject
Project("{FAE04EC0-301F-11D3-BF4B-00C04F79EFBC}") = "Dominodo.Adapters.Email", "src\Adapters\Dominodo.Adapters.Email\Dominodo.Adapters.Email.csproj", "{79767818-695D-43A6-BBAC-0F4A143DDA9B}"
EndProject
Project("{FAE04EC0-301F-11D3-BF4B-00C04F79EFBC}") = "Dominodo.Adapters.WhatsApp", "src\Adapters\Dominodo.Adapters.WhatsApp\Dominodo.Adapters.WhatsApp.csproj", "{2ED4C5D9-D9DB-4ECA-BC78-5B559E2B3600}"
EndProject
Project("{FAE04EC0-301F-11D3-BF4B-00C04F79EFBC}") = "Dominodo.Admin.Domain", "src\Modules\Admin\Dominodo.Admin.Domain\Dominodo.Admin.Domain.csproj", "{4E2EED40-BA8E-475C-A7F4-8E35EA1573DE}"
EndProject
Project("{FAE04EC0-301F-11D3-BF4B-00C04F79EFBC}") = "Dominodo.Admin.Application", "src\Modules\Admin\Dominodo.Admin.Application\Dominodo.Admin.Application.csproj", "{B61447A7-1AB0-46EB-AB0D-555E9717080D}"
EndProject
Project("{FAE04EC0-301F-11D3-BF4B-00C04F79EFBC}") = "Dominodo.Admin.Contracts", "src\Modules\Admin\Dominodo.Admin.Contracts\Dominodo.Admin.Contracts.csproj", "{5282F0A8-FF6D-420B-BCEE-FC445B587722}"
EndProject
Project("{FAE04EC0-301F-11D3-BF4B-00C04F79EFBC}") = "Dominodo.Admin.Persistence", "src\Modules\Admin\Dominodo.Admin.Persistence\Dominodo.Admin.Persistence.csproj", "{44E09292-4EB6-4B96-B00D-2B3E78CD756F}"
EndProject
Project("{2150E333-8FDC-42A3-9474-1A3956D46DE8}") = "Admin", "Admin", "{44F9C91D-C8DD-4F9B-93F1-5DE6F66D7255}"
EndProject
Global
	GlobalSection(SolutionConfigurationPlatforms) = preSolution
		Debug|Any CPU = Debug|Any CPU
		Debug|x64 = Debug|x64
		Debug|x86 = Debug|x86
		Release|Any CPU = Release|Any CPU
		Release|x64 = Release|x64
		Release|x86 = Release|x86
	EndGlobalSection
	GlobalSection(ProjectConfigurationPlatforms) = postSolution
		{B0C377AF-B29A-4E69-BB35-1FC68BE5B3DA}.Debug|Any CPU.ActiveCfg = Debug|Any CPU
		{B0C377AF-B29A-4E69-BB35-1FC68BE5B3DA}.Debug|Any CPU.Build.0 = Debug|Any CPU
		{B0C377AF-B29A-4E69-BB35-1FC68BE5B3DA}.Debug|x64.ActiveCfg = Debug|Any CPU
		{B0C377AF-B29A-4E69-BB35-1FC68BE5B3DA}.Debug|x64.Build.0 = Debug|Any CPU
		{B0C377AF-B29A-4E69-BB35-1FC68BE5B3DA}.Debug|x86.ActiveCfg = Debug|Any CPU
		{B0C377AF-B29A-4E69-BB35-1FC68BE5B3DA}.Debug|x86.Build.0 = Debug|Any CPU
		{B0C377AF-B29A-4E69-BB35-1FC68BE5B3DA}.Release|Any CPU.ActiveCfg = Release|Any CPU
		{B0C377AF-B29A-4E69-BB35-1FC68BE5B3DA}.Release|Any CPU.Build.0 = Release|Any CPU
		{B0C377AF-B29A-4E69-BB35-1FC68BE5B3DA}.Release|x64.ActiveCfg = Release|Any CPU
		{B0C377AF-B29A-4E69-BB35-1FC68BE5B3DA}.Release|x64.Build.0 = Release|Any CPU
		{B0C377AF-B29A-4E69-BB35-1FC68BE5B3DA}.Release|x86.ActiveCfg = Release|Any CPU
		{B0C377AF-B29A-4E69-BB35-1FC68BE5B3DA}.Release|x86.Build.0 = Release|Any CPU
		{44E3D536-9706-422C-8DC3-D30DB9D8672C}.Debug|Any CPU.ActiveCfg = Debug|Any CPU
		{44E3D536-9706-422C-8DC3-D30DB9D8672C}.Debug|Any CPU.Build.0 = Debug|Any CPU
		{44E3D536-9706-422C-8DC3-D30DB9D8672C}.Debug|x64.ActiveCfg = Debug|Any CPU
		{44E3D536-9706-422C-8DC3-D30DB9D8672C}.Debug|x64.Build.0 = Debug|Any CPU
		{44E3D536-9706-422C-8DC3-D30DB9D8672C}.Debug|x86.ActiveCfg = Debug|Any CPU
		{44E3D536-9706-422C-8DC3-D30DB9D8672C}.Debug|x86.Build.0 = Debug|Any CPU
		{44E3D536-9706-422C-8DC3-D30DB9D8672C}.Release|Any CPU.ActiveCfg = Release|Any CPU
		{44E3D536-9706-422C-8DC3-D30DB9D8672C}.Release|Any CPU.Build.0 = Release|Any CPU
		{44E3D536-9706-422C-8DC3-D30DB9D8672C}.Release|x64.ActiveCfg = Release|Any CPU
		{44E3D536-9706-422C-8DC3-D30DB9D8672C}.Release|x64.Build.0 = Release|Any CPU
		{44E3D536-9706-422C-8DC3-D30DB9D8672C}.Release|x86.ActiveCfg = Release|Any CPU
		{44E3D536-9706-422C-8DC3-D30DB9D8672C}.Release|x86.Build.0 = Release|Any CPU
		{C0064533-AE95-4D57-85F6-25F170338608}.Debug|Any CPU.ActiveCfg = Debug|Any CPU
		{C0064533-AE95-4D57-85F6-25F170338608}.Debug|Any CPU.Build.0 = Debug|Any CPU
		{C0064533-AE95-4D57-85F6-25F170338608}.Debug|x64.ActiveCfg = Debug|Any CPU
		{C0064533-AE95-4D57-85F6-25F170338608}.Debug|x64.Build.0 = Debug|Any CPU
		{C0064533-AE95-4D57-85F6-25F170338608}.Debug|x86.ActiveCfg = Debug|Any CPU
		{C0064533-AE95-4D57-85F6-25F170338608}.Debug|x86.Build.0 = Debug|Any CPU
		{C0064533-AE95-4D57-85F6-25F170338608}.Release|Any CPU.ActiveCfg = Release|Any CPU
		{C0064533-AE95-4D57-85F6-25F170338608}.Release|Any CPU.Build.0 = Release|Any CPU
		{C0064533-AE95-4D57-85F6-25F170338608}.Release|x64.ActiveCfg = Release|Any CPU
		{C0064533-AE95-4D57-85F6-25F170338608}.Release|x64.Build.0 = Release|Any CPU
		{C0064533-AE95-4D57-85F6-25F170338608}.Release|x86.ActiveCfg = Release|Any CPU
		{C0064533-AE95-4D57-85F6-25F170338608}.Release|x86.Build.0 = Release|Any CPU
		{BD3D1C7C-476B-4A19-B4E5-83769776FC5A}.Debug|Any CPU.ActiveCfg = Debug|Any CPU
		{BD3D1C7C-476B-4A19-B4E5-83769776FC5A}.Debug|Any CPU.Build.0 = Debug|Any CPU
		{BD3D1C7C-476B-4A19-B4E5-83769776FC5A}.Debug|x64.ActiveCfg = Debug|Any CPU
		{BD3D1C7C-476B-4A19-B4E5-83769776FC5A}.Debug|x64.Build.0 = Debug|Any CPU
		{BD3D1C7C-476B-4A19-B4E5-83769776FC5A}.Debug|x86.ActiveCfg = Debug|Any CPU
		{BD3D1C7C-476B-4A19-B4E5-83769776FC5A}.Debug|x86.Build.0 = Debug|Any CPU
		{BD3D1C7C-476B-4A19-B4E5-83769776FC5A}.Release|Any CPU.ActiveCfg = Release|Any CPU
		{BD3D1C7C-476B-4A19-B4E5-83769776FC5A}.Release|Any CPU.Build.0 = Release|Any CPU
		{BD3D1C7C-476B-4A19-B4E5-83769776FC5A}.Release|x64.ActiveCfg = Release|Any CPU
		{BD3D1C7C-476B-4A19-B4E5-83769776FC5A}.Release|x64.Build.0 = Release|Any CPU
		{BD3D1C7C-476B-4A19-B4E5-83769776FC5A}.Release|x86.ActiveCfg = Release|Any CPU
		{BD3D1C7C-476B-4A19-B4E5-83769776FC5A}.Release|x86.Build.0 = Release|Any CPU
		{65CD074B-CC7B-459D-A2CB-FA2E79FF8DC0}.Debug|Any CPU.ActiveCfg = Debug|Any CPU
		{65CD074B-CC7B-459D-A2CB-FA2E79FF8DC0}.Debug|Any CPU.Build.0 = Debug|Any CPU
		{65CD074B-CC7B-459D-A2CB-FA2E79FF8DC0}.Debug|x64.ActiveCfg = Debug|Any CPU
		{65CD074B-CC7B-459D-A2CB-FA2E79FF8DC0}.Debug|x64.Build.0 = Debug|Any CPU
		{65CD074B-CC7B-459D-A2CB-FA2E79FF8DC0}.Debug|x86.ActiveCfg = Debug|Any CPU
		{65CD074B-CC7B-459D-A2CB-FA2E79FF8DC0}.Debug|x86.Build.0 = Debug|Any CPU
		{65CD074B-CC7B-459D-A2CB-FA2E79FF8DC0}.Release|Any CPU.ActiveCfg = Release|Any CPU
		{65CD074B-CC7B-459D-A2CB-FA2E79FF8DC0}.Release|Any CPU.Build.0 = Release|Any CPU
		{65CD074B-CC7B-459D-A2CB-FA2E79FF8DC0}.Release|x64.ActiveCfg = Release|Any CPU
		{65CD074B-CC7B-459D-A2CB-FA2E79FF8DC0}.Release|x64.Build.0 = Release|Any CPU
		{65CD074B-CC7B-459D-A2CB-FA2E79FF8DC0}.Release|x86.ActiveCfg = Release|Any CPU
		{65CD074B-CC7B-459D-A2CB-FA2E79FF8DC0}.Release|x86.Build.0 = Release|Any CPU
		{E22E79BE-D7F6-493D-9668-7D35B12355B2}.Debug|Any CPU.ActiveCfg = Debug|Any CPU
		{E22E79BE-D7F6-493D-9668-7D35B12355B2}.Debug|Any CPU.Build.0 = Debug|Any CPU
		{E22E79BE-D7F6-493D-9668-7D35B12355B2}.Debug|x64.ActiveCfg = Debug|Any CPU
		{E22E79BE-D7F6-493D-9668-7D35B12355B2}.Debug|x64.Build.0 = Debug|Any CPU
		{E22E79BE-D7F6-493D-9668-7D35B12355B2}.Debug|x86.ActiveCfg = Debug|Any CPU
		{E22E79BE-D7F6-493D-9668-7D35B12355B2}.Debug|x86.Build.0 = Debug|Any CPU
		{E22E79BE-D7F6-493D-9668-7D35B12355B2}.Release|Any CPU.ActiveCfg = Release|Any CPU
		{E22E79BE-D7F6-493D-9668-7D35B12355B2}.Release|Any CPU.Build.0 = Release|Any CPU
		{E22E79BE-D7F6-493D-9668-7D35B12355B2}.Release|x64.ActiveCfg = Release|Any CPU
		{E22E79BE-D7F6-493D-9668-7D35B12355B2}.Release|x64.Build.0 = Release|Any CPU
		{E22E79BE-D7F6-493D-9668-7D35B12355B2}.Release|x86.ActiveCfg = Release|Any CPU
		{E22E79BE-D7F6-493D-9668-7D35B12355B2}.Release|x86.Build.0 = Release|Any CPU
		{8EE15535-3B0C-4788-80FB-59E741B4465C}.Debug|Any CPU.ActiveCfg = Debug|Any CPU
		{8EE15535-3B0C-4788-80FB-59E741B4465C}.Debug|Any CPU.Build.0 = Debug|Any CPU
		{8EE15535-3B0C-4788-80FB-59E741B4465C}.Debug|x64.ActiveCfg = Debug|Any CPU
		{8EE15535-3B0C-4788-80FB-59E741B4465C}.Debug|x64.Build.0 = Debug|Any CPU
		{8EE15535-3B0C-4788-80FB-59E741B4465C}.Debug|x86.ActiveCfg = Debug|Any CPU
		{8EE15535-3B0C-4788-80FB-59E741B4465C}.Debug|x86.Build.0 = Debug|Any CPU
		{8EE15535-3B0C-4788-80FB-59E741B4465C}.Release|Any CPU.ActiveCfg = Release|Any CPU
		{8EE15535-3B0C-4788-80FB-59E741B4465C}.Release|Any CPU.Build.0 = Release|Any CPU
		{8EE15535-3B0C-4788-80FB-59E741B4465C}.Release|x64.ActiveCfg = Release|Any CPU
		{8EE15535-3B0C-4788-80FB-59E741B4465C}.Release|x64.Build.0 = Release|Any CPU
		{8EE15535-3B0C-4788-80FB-59E741B4465C}.Release|x86.ActiveCfg = Release|Any CPU
		{8EE15535-3B0C-4788-80FB-59E741B4465C}.Release|x86.Build.0 = Release|Any CPU
		{9563BDAE-7378-40AA-A277-CC2BFA48E710}.Debug|Any CPU.ActiveCfg = Debug|Any CPU
		{9563BDAE-7378-40AA-A277-CC2BFA48E710}.Debug|Any CPU.Build.0 = Debug|Any CPU
		{9563BDAE-7378-40AA-A277-CC2BFA48E710}.Debug|x64.ActiveCfg = Debug|Any CPU
		{9563BDAE-7378-40AA-A277-CC2BFA48E710}.Debug|x64.Build.0 = Debug|Any CPU
		{9563BDAE-7378-40AA-A277-CC2BFA48E710}.Debug|x86.ActiveCfg = Debug|Any CPU
		{9563BDAE-7378-40AA-A277-CC2BFA48E710}.Debug|x86.Build.0 = Debug|Any CPU
		{9563BDAE-7378-40AA-A277-CC2BFA48E710}.Release|Any CPU.ActiveCfg = Release|Any CPU
		{9563BDAE-7378-40AA-A277-CC2BFA48E710}.Release|Any CPU.Build.0 = Release|Any CPU
		{9563BDAE-7378-40AA-A277-CC2BFA48E710}.Release|x64.ActiveCfg = Release|Any CPU
		{9563BDAE-7378-40AA-A277-CC2BFA48E710}.Release|x64.Build.0 = Release|Any CPU
		{9563BDAE-7378-40AA-A277-CC2BFA48E710}.Release|x86.ActiveCfg = Release|Any CPU
		{9563BDAE-7378-40AA-A277-CC2BFA48E710}.Release|x86.Build.0 = Release|Any CPU
		{18EEA3BA-DFCA-4090-82FD-33ED59C8F205}.Debug|Any CPU.ActiveCfg = Debug|Any CPU
		{18EEA3BA-DFCA-4090-82FD-33ED59C8F205}.Debug|Any CPU.Build.0 = Debug|Any CPU
		{18EEA3BA-DFCA-4090-82FD-33ED59C8F205}.Debug|x64.ActiveCfg = Debug|Any CPU
		{18EEA3BA-DFCA-4090-82FD-33ED59C8F205}.Debug|x64.Build.0 = Debug|Any CPU
		{18EEA3BA-DFCA-4090-82FD-33ED59C8F205}.Debug|x86.ActiveCfg = Debug|Any CPU
		{18EEA3BA-DFCA-4090-82FD-33ED59C8F205}.Debug|x86.Build.0 = Debug|Any CPU
		{18EEA3BA-DFCA-4090-82FD-33ED59C8F205}.Release|Any CPU.ActiveCfg = Release|Any CPU
		{18EEA3BA-DFCA-4090-82FD-33ED59C8F205}.Release|Any CPU.Build.0 = Release|Any CPU
		{18EEA3BA-DFCA-4090-82FD-33ED59C8F205}.Release|x64.ActiveCfg = Release|Any CPU
		{18EEA3BA-DFCA-4090-82FD-33ED59C8F205}.Release|x64.Build.0 = Release|Any CPU
		{18EEA3BA-DFCA-4090-82FD-33ED59C8F205}.Release|x86.ActiveCfg = Release|Any CPU
		{18EEA3BA-DFCA-4090-82FD-33ED59C8F205}.Release|x86.Build.0 = Release|Any CPU
		{79767818-695D-43A6-BBAC-0F4A143DDA9B}.Debug|Any CPU.ActiveCfg = Debug|Any CPU
		{79767818-695D-43A6-BBAC-0F4A143DDA9B}.Debug|Any CPU.Build.0 = Debug|Any CPU
		{79767818-695D-43A6-BBAC-0F4A143DDA9B}.Debug|x64.ActiveCfg = Debug|Any CPU
		{79767818-695D-43A6-BBAC-0F4A143DDA9B}.Debug|x64.Build.0 = Debug|Any CPU
		{79767818-695D-43A6-BBAC-0F4A143DDA9B}.Debug|x86.ActiveCfg = Debug|Any CPU
		{79767818-695D-43A6-BBAC-0F4A143DDA9B}.Debug|x86.Build.0 = Debug|Any CPU
		{79767818-695D-43A6-BBAC-0F4A143DDA9B}.Release|Any CPU.ActiveCfg = Release|Any CPU
		{79767818-695D-43A6-BBAC-0F4A143DDA9B}.Release|Any CPU.Build.0 = Release|Any CPU
		{79767818-695D-43A6-BBAC-0F4A143DDA9B}.Release|x64.ActiveCfg = Release|Any CPU
		{79767818-695D-43A6-BBAC-0F4A143DDA9B}.Release|x64.Build.0 = Release|Any CPU
		{79767818-695D-43A6-BBAC-0F4A143DDA9B}.Release|x86.ActiveCfg = Release|Any CPU
		{79767818-695D-43A6-BBAC-0F4A143DDA9B}.Release|x86.Build.0 = Release|Any CPU
		{2ED4C5D9-D9DB-4ECA-BC78-5B559E2B3600}.Debug|Any CPU.ActiveCfg = Debug|Any CPU
		{2ED4C5D9-D9DB-4ECA-BC78-5B559E2B3600}.Debug|Any CPU.Build.0 = Debug|Any CPU
		{2ED4C5D9-D9DB-4ECA-BC78-5B559E2B3600}.Debug|x64.ActiveCfg = Debug|Any CPU
		{2ED4C5D9-D9DB-4ECA-BC78-5B559E2B3600}.Debug|x64.Build.0 = Debug|Any CPU
		{2ED4C5D9-D9DB-4ECA-BC78-5B559E2B3600}.Debug|x86.ActiveCfg = Debug|Any CPU
		{2ED4C5D9-D9DB-4ECA-BC78-5B559E2B3600}.Debug|x86.Build.0 = Debug|Any CPU
		{2ED4C5D9-D9DB-4ECA-BC78-5B559E2B3600}.Release|Any CPU.ActiveCfg = Release|Any CPU
		{2ED4C5D9-D9DB-4ECA-BC78-5B559E2B3600}.Release|Any CPU.Build.0 = Release|Any CPU
		{2ED4C5D9-D9DB-4ECA-BC78-5B559E2B3600}.Release|x64.ActiveCfg = Release|Any CPU
		{2ED4C5D9-D9DB-4ECA-BC78-5B559E2B3600}.Release|x64.Build.0 = Release|Any CPU
		{2ED4C5D9-D9DB-4ECA-BC78-5B559E2B3600}.Release|x86.ActiveCfg = Release|Any CPU
		{2ED4C5D9-D9DB-4ECA-BC78-5B559E2B3600}.Release|x86.Build.0 = Release|Any CPU
		{4E2EED40-BA8E-475C-A7F4-8E35EA1573DE}.Debug|Any CPU.ActiveCfg = Debug|Any CPU
		{4E2EED40-BA8E-475C-A7F4-8E35EA1573DE}.Debug|Any CPU.Build.0 = Debug|Any CPU
		{4E2EED40-BA8E-475C-A7F4-8E35EA1573DE}.Debug|x64.ActiveCfg = Debug|Any CPU
		{4E2EED40-BA8E-475C-A7F4-8E35EA1573DE}.Debug|x64.Build.0 = Debug|Any CPU
		{4E2EED40-BA8E-475C-A7F4-8E35EA1573DE}.Debug|x86.ActiveCfg = Debug|Any CPU
		{4E2EED40-BA8E-475C-A7F4-8E35EA1573DE}.Debug|x86.Build.0 = Debug|Any CPU
		{4E2EED40-BA8E-475C-A7F4-8E35EA1573DE}.Release|Any CPU.ActiveCfg = Release|Any CPU
		{4E2EED40-BA8E-475C-A7F4-8E35EA1573DE}.Release|Any CPU.Build.0 = Release|Any CPU
		{4E2EED40-BA8E-475C-A7F4-8E35EA1573DE}.Release|x64.ActiveCfg = Release|Any CPU
		{4E2EED40-BA8E-475C-A7F4-8E35EA1573DE}.Release|x64.Build.0 = Release|Any CPU
		{4E2EED40-BA8E-475C-A7F4-8E35EA1573DE}.Release|x86.ActiveCfg = Release|Any CPU
		{4E2EED40-BA8E-475C-A7F4-8E35EA1573DE}.Release|x86.Build.0 = Release|Any CPU
		{B61447A7-1AB0-46EB-AB0D-555E9717080D}.Debug|Any CPU.ActiveCfg = Debug|Any CPU
		{B61447A7-1AB0-46EB-AB0D-555E9717080D}.Debug|Any CPU.Build.0 = Debug|Any CPU
		{B61447A7-1AB0-46EB-AB0D-555E9717080D}.Debug|x64.ActiveCfg = Debug|Any CPU
		{B61447A7-1AB0-46EB-AB0D-555E9717080D}.Debug|x64.Build.0 = Debug|Any CPU
		{B61447A7-1AB0-46EB-AB0D-555E9717080D}.Debug|x86.ActiveCfg = Debug|Any CPU
		{B61447A7-1AB0-46EB-AB0D-555E9717080D}.Debug|x86.Build.0 = Debug|Any CPU
		{B61447A7-1AB0-46EB-AB0D-555E9717080D}.Release|Any CPU.ActiveCfg = Release|Any CPU
		{B61447A7-1AB0-46EB-AB0D-555E9717080D}.Release|Any CPU.Build.0 = Release|Any CPU
		{B61447A7-1AB0-46EB-AB0D-555E9717080D}.Release|x64.ActiveCfg = Release|Any CPU
		{B61447A7-1AB0-46EB-AB0D-555E9717080D}.Release|x64.Build.0 = Release|Any CPU
		{B61447A7-1AB0-46EB-AB0D-555E9717080D}.Release|x86.ActiveCfg = Release|Any CPU
		{B61447A7-1AB0-46EB-AB0D-555E9717080D}.Release|x86.Build.0 = Release|Any CPU
		{5282F0A8-FF6D-420B-BCEE-FC445B587722}.Debug|Any CPU.ActiveCfg = Debug|Any CPU
		{5282F0A8-FF6D-420B-BCEE-FC445B587722}.Debug|Any CPU.Build.0 = Debug|Any CPU
		{5282F0A8-FF6D-420B-BCEE-FC445B587722}.Debug|x64.ActiveCfg = Debug|Any CPU
		{5282F0A8-FF6D-420B-BCEE-FC445B587722}.Debug|x64.Build.0 = Debug|Any CPU
		{5282F0A8-FF6D-420B-BCEE-FC445B587722}.Debug|x86.ActiveCfg = Debug|Any CPU
		{5282F0A8-FF6D-420B-BCEE-FC445B587722}.Debug|x86.Build.0 = Debug|Any CPU
		{5282F0A8-FF6D-420B-BCEE-FC445B587722}.Release|Any CPU.ActiveCfg = Release|Any CPU
		{5282F0A8-FF6D-420B-BCEE-FC445B587722}.Release|Any CPU.Build.0 = Release|Any CPU
		{5282F0A8-FF6D-420B-BCEE-FC445B587722}.Release|x64.ActiveCfg = Release|Any CPU
		{5282F0A8-FF6D-420B-BCEE-FC445B587722}.Release|x64.Build.0 = Release|Any CPU
		{5282F0A8-FF6D-420B-BCEE-FC445B587722}.Release|x86.ActiveCfg = Release|Any CPU
		{5282F0A8-FF6D-420B-BCEE-FC445B587722}.Release|x86.Build.0 = Release|Any CPU
		{44E09292-4EB6-4B96-B00D-2B3E78CD756F}.Debug|Any CPU.ActiveCfg = Debug|Any CPU
		{44E09292-4EB6-4B96-B00D-2B3E78CD756F}.Debug|Any CPU.Build.0 = Debug|Any CPU
		{44E09292-4EB6-4B96-B00D-2B3E78CD756F}.Debug|x64.ActiveCfg = Debug|Any CPU
		{44E09292-4EB6-4B96-B00D-2B3E78CD756F}.Debug|x64.Build.0 = Debug|Any CPU
		{44E09292-4EB6-4B96-B00D-2B3E78CD756F}.Debug|x86.ActiveCfg = Debug|Any CPU
		{44E09292-4EB6-4B96-B00D-2B3E78CD756F}.Debug|x86.Build.0 = Debug|Any CPU
		{44E09292-4EB6-4B96-B00D-2B3E78CD756F}.Release|Any CPU.ActiveCfg = Release|Any CPU
		{44E09292-4EB6-4B96-B00D-2B3E78CD756F}.Release|Any CPU.Build.0 = Release|Any CPU
		{44E09292-4EB6-4B96-B00D-2B3E78CD756F}.Release|x64.ActiveCfg = Release|Any CPU
		{44E09292-4EB6-4B96-B00D-2B3E78CD756F}.Release|x64.Build.0 = Release|Any CPU
		{44E09292-4EB6-4B96-B00D-2B3E78CD756F}.Release|x86.ActiveCfg = Release|Any CPU
		{44E09292-4EB6-4B96-B00D-2B3E78CD756F}.Release|x86.Build.0 = Release|Any CPU
	EndGlobalSection
	GlobalSection(SolutionProperties) = preSolution
		HideSolutionNode = FALSE
	EndGlobalSection
	GlobalSection(NestedProjects) = preSolution
		{C8E42992-5E42-0C2B-DBFE-AA848D06431C} = {827E0CD3-B72D-47B6-A68D-7590B98EB39B}
		{B0C377AF-B29A-4E69-BB35-1FC68BE5B3DA} = {C8E42992-5E42-0C2B-DBFE-AA848D06431C}
		{44E3D536-9706-422C-8DC3-D30DB9D8672C} = {C8E42992-5E42-0C2B-DBFE-AA848D06431C}
		{C0064533-AE95-4D57-85F6-25F170338608} = {C8E42992-5E42-0C2B-DBFE-AA848D06431C}
		{BD3D1C7C-476B-4A19-B4E5-83769776FC5A} = {C8E42992-5E42-0C2B-DBFE-AA848D06431C}
		{65CD074B-CC7B-459D-A2CB-FA2E79FF8DC0} = {C8E42992-5E42-0C2B-DBFE-AA848D06431C}
		{EC447DCF-ABFA-6E24-52A5-D7FD48A5C558} = {827E0CD3-B72D-47B6-A68D-7590B98EB39B}
		{A26F344D-182E-CE53-AD51-2154946AC6F3} = {EC447DCF-ABFA-6E24-52A5-D7FD48A5C558}
		{E22E79BE-D7F6-493D-9668-7D35B12355B2} = {A26F344D-182E-CE53-AD51-2154946AC6F3}
		{8EE15535-3B0C-4788-80FB-59E741B4465C} = {A26F344D-182E-CE53-AD51-2154946AC6F3}
		{9563BDAE-7378-40AA-A277-CC2BFA48E710} = {A26F344D-182E-CE53-AD51-2154946AC6F3}
		{18EEA3BA-DFCA-4090-82FD-33ED59C8F205} = {A26F344D-182E-CE53-AD51-2154946AC6F3}
		{3E9C3776-17C9-28DE-3735-A8B9F121C183} = {827E0CD3-B72D-47B6-A68D-7590B98EB39B}
		{79767818-695D-43A6-BBAC-0F4A143DDA9B} = {3E9C3776-17C9-28DE-3735-A8B9F121C183}
		{2ED4C5D9-D9DB-4ECA-BC78-5B559E2B3600} = {3E9C3776-17C9-28DE-3735-A8B9F121C183}
		{44F9C91D-C8DD-4F9B-93F1-5DE6F66D7255} = {EC447DCF-ABFA-6E24-52A5-D7FD48A5C558}
		{B61447A7-1AB0-46EB-AB0D-555E9717080D} = {44F9C91D-C8DD-4F9B-93F1-5DE6F66D7255}
		{5282F0A8-FF6D-420B-BCEE-FC445B587722} = {44F9C91D-C8DD-4F9B-93F1-5DE6F66D7255}
		{4E2EED40-BA8E-475C-A7F4-8E35EA1573DE} = {44F9C91D-C8DD-4F9B-93F1-5DE6F66D7255}
		{44E09292-4EB6-4B96-B00D-2B3E78CD756F} = {44F9C91D-C8DD-4F9B-93F1-5DE6F66D7255}
	EndGlobalSection
EndGlobal
